
Microsoft Visual Studio Solution File, Format Version 12.00
# Visual Studio 15
VisualStudioVersion = 15.0.28307.168
MinimumVisualStudioVersion = 10.0.40219.1
Project("{FAE04EC0-301F-11D3-BF4B-00C04F79EFBC}") = "FileNameHelper", "FileHelper\FileNameHelper.csproj", "{66AB740B-DCB1-41B9-9ACE-66FC5770E2DF}"
EndProject
Project("{FAE04EC0-301F-11D3-BF4B-00C04F79EFBC}") = "FileNameHelper.Tests", "FileHelper.Tests\FileNameHelper.Tests.csproj", "{0CF207FF-1B24-447D-AD2F-34BA994EFC7C}"
EndProject
Global
	GlobalSection(SolutionConfigurationPlatforms) = preSolution
		Debug|Any CPU = Debug|Any CPU
		Release|Any CPU = Release|Any CPU
	EndGlobalSection
	GlobalSection(ProjectConfigurationPlatforms) = postSolution
		{66AB740B-DCB1-41B9-9ACE-66FC5770E2DF}.Debug|Any CPU.ActiveCfg = Debug|Any CPU
		{66AB740B-DCB1-41B9-9ACE-66FC5770E2DF}.Debug|Any CPU.Build.0 = Debug|Any CPU
		{66AB740B-DCB1-41B9-9ACE-66FC5770E2DF}.Release|Any CPU.ActiveCfg = Release|Any CPU
		{66AB740B-DCB1-41B9-9ACE-66FC5770E2DF}.Release|Any CPU.Build.0 = Release|Any CPU
		{0CF207FF-1B24-447D-AD2F-34BA994EFC7C}.Debug|Any CPU.ActiveCfg = Debug|Any CPU
		{0CF207FF-1B24-447D-AD2F-34BA994EFC7C}.Debug|Any CPU.Build.0 = Debug|Any CPU
		{0CF207FF-1B24-447D-AD2F-34BA994EFC7C}.Release|Any CPU.ActiveCfg = Release|Any CPU
		{0CF207FF-1B24-447D-AD2F-34BA994EFC7C}.Release|Any CPU.Build.0 = Release|Any CPU
	EndGlobalSection
	GlobalSection(SolutionProperties) = preSolution
		HideSolutionNode = FALSE
	EndGlobalSection
	GlobalSection(ExtensibilityGlobals) = postSolution
		SolutionGuid = {78143FE4-1FB9-45A9-94CE-852637AFB9FD}
	EndGlobalSection
EndGlobal
